
Microsoft Visual Studio Solution File, Format Version 12.00
# Visual Studio 15
VisualStudioVersion = 15.0.27428.2037
MinimumVisualStudioVersion = 10.0.40219.1
Project("{9A19103F-16F7-4668-BE54-9A1E7A4F7556}") = "OpenAAP", "OpenAAP\OpenAAP.csproj", "{C95E5C9B-690F-448E-A3E4-AF716CD4DE61}"
EndProject
Project("{2150E333-8FDC-42A3-9474-1A3956D46DE8}") = "Solution Items", "Solution Items", "{94F49ABC-5FC6-4910-B28F-105612C4F8C5}"
	ProjectSection(SolutionItems) = preProject
		.editorconfig = .editorconfig
	EndProjectSection
EndProject
Project("{FAE04EC0-301F-11D3-BF4B-00C04F79EFBC}") = "Test", "Test\Test.csproj", "{7EF1ED9D-3CAA-473A-823D-648708B39B5D}"
EndProject
Global
	GlobalSection(SolutionConfigurationPlatforms) = preSolution
		Debug|Any CPU = Debug|Any CPU
		Release|Any CPU = Release|Any CPU
	EndGlobalSection
	GlobalSection(ProjectConfigurationPlatforms) = postSolution
		{C95E5C9B-690F-448E-A3E4-AF716CD4DE61}.Debug|Any CPU.ActiveCfg = Debug|Any CPU
		{C95E5C9B-690F-448E-A3E4-AF716CD4DE61}.Debug|Any CPU.Build.0 = Debug|Any CPU
		{C95E5C9B-690F-448E-A3E4-AF716CD4DE61}.Release|Any CPU.ActiveCfg = Release|Any CPU
		{C95E5C9B-690F-448E-A3E4-AF716CD4DE61}.Release|Any CPU.Build.0 = Release|Any CPU
		{7EF1ED9D-3CAA-473A-823D-648708B39B5D}.Debug|Any CPU.ActiveCfg = Debug|Any CPU
		{7EF1ED9D-3CAA-473A-823D-648708B39B5D}.Debug|Any CPU.Build.0 = Debug|Any CPU
		{7EF1ED9D-3CAA-473A-823D-648708B39B5D}.Release|Any CPU.ActiveCfg = Release|Any CPU
		{7EF1ED9D-3CAA-473A-823D-648708B39B5D}.Release|Any CPU.Build.0 = Release|Any CPU
	EndGlobalSection
	GlobalSection(SolutionProperties) = preSolution
		HideSolutionNode = FALSE
	EndGlobalSection
	GlobalSection(ExtensibilityGlobals) = postSolution
		SolutionGuid = {3AB030EA-7A0E-4491-95FF-087EF901674A}
	EndGlobalSection
EndGlobal
